
Microsoft Visual Studio Solution File, Format Version 12.00
# Visual Studio Version 16
VisualStudioVersion = 16.0.30517.126
MinimumVisualStudioVersion = 10.0.40219.1
Project("{FAE04EC0-301F-11D3-BF4B-00C04F79EFBC}") = "UserResponsive", "UserResponsive\UserResponsive.csproj", "{501878FC-FB04-43BA-8C71-B0F68BC56EF9}"
EndProject
Project("{FAE04EC0-301F-11D3-BF4B-00C04F79EFBC}") = "Interfaces", "Interfaces\Interfaces.csproj", "{6200A1D4-1676-4E36-91F9-428D980E6337}"
EndProject
Project("{FAE04EC0-301F-11D3-BF4B-00C04F79EFBC}") = "SQLHandlers", "SQLHandlers\SQLHandlers.csproj", "{7268E542-D8AF-42F5-AAAB-F5533611F04A}"
EndProject
Project("{FAE04EC0-301F-11D3-BF4B-00C04F79EFBC}") = "BusinessLogics", "BusinessLogics\BusinessLogics.csproj", "{F282D27D-4CA4-43E4-A2E3-44432B4CAC97}"
EndProject
Project("{FAE04EC0-301F-11D3-BF4B-00C04F79EFBC}") = "ModelEntities", "ModelEntities\ModelEntities.csproj", "{75C647E6-7A88-4188-8794-0D83564EE2C2}"
EndProject
Global
	GlobalSection(SolutionConfigurationPlatforms) = preSolution
		Debug|Any CPU = Debug|Any CPU
		Release|Any CPU = Release|Any CPU
	EndGlobalSection
	GlobalSection(ProjectConfigurationPlatforms) = postSolution
		{501878FC-FB04-43BA-8C71-B0F68BC56EF9}.Debug|Any CPU.ActiveCfg = Debug|Any CPU
		{501878FC-FB04-43BA-8C71-B0F68BC56EF9}.Debug|Any CPU.Build.0 = Debug|Any CPU
		{501878FC-FB04-43BA-8C71-B0F68BC56EF9}.Release|Any CPU.ActiveCfg = Release|Any CPU
		{501878FC-FB04-43BA-8C71-B0F68BC56EF9}.Release|Any CPU.Build.0 = Release|Any CPU
		{6200A1D4-1676-4E36-91F9-428D980E6337}.Debug|Any CPU.ActiveCfg = Debug|Any CPU
		{6200A1D4-1676-4E36-91F9-428D980E6337}.Debug|Any CPU.Build.0 = Debug|Any CPU
		{6200A1D4-1676-4E36-91F9-428D980E6337}.Release|Any CPU.ActiveCfg = Release|Any CPU
		{6200A1D4-1676-4E36-91F9-428D980E6337}.Release|Any CPU.Build.0 = Release|Any CPU
		{7268E542-D8AF-42F5-AAAB-F5533611F04A}.Debug|Any CPU.ActiveCfg = Debug|Any CPU
		{7268E542-D8AF-42F5-AAAB-F5533611F04A}.Debug|Any CPU.Build.0 = Debug|Any CPU
		{7268E542-D8AF-42F5-AAAB-F5533611F04A}.Release|Any CPU.ActiveCfg = Release|Any CPU
		{7268E542-D8AF-42F5-AAAB-F5533611F04A}.Release|Any CPU.Build.0 = Release|Any CPU
		{F282D27D-4CA4-43E4-A2E3-44432B4CAC97}.Debug|Any CPU.ActiveCfg = Debug|Any CPU
		{F282D27D-4CA4-43E4-A2E3-44432B4CAC97}.Debug|Any CPU.Build.0 = Debug|Any CPU
		{F282D27D-4CA4-43E4-A2E3-44432B4CAC97}.Release|Any CPU.ActiveCfg = Release|Any CPU
		{F282D27D-4CA4-43E4-A2E3-44432B4CAC97}.Release|Any CPU.Build.0 = Release|Any CPU
		{75C647E6-7A88-4188-8794-0D83564EE2C2}.Debug|Any CPU.ActiveCfg = Debug|Any CPU
		{75C647E6-7A88-4188-8794-0D83564EE2C2}.Debug|Any CPU.Build.0 = Debug|Any CPU
		{75C647E6-7A88-4188-8794-0D83564EE2C2}.Release|Any CPU.ActiveCfg = Release|Any CPU
		{75C647E6-7A88-4188-8794-0D83564EE2C2}.Release|Any CPU.Build.0 = Release|Any CPU
	EndGlobalSection
	GlobalSection(SolutionProperties) = preSolution
		HideSolutionNode = FALSE
	EndGlobalSection
	GlobalSection(ExtensibilityGlobals) = postSolution
		SolutionGuid = {346C8B22-62C2-44D5-92BE-0D4EAB84C1E0}
	EndGlobalSection
EndGlobal
